
Microsoft Visual Studio Solution File, Format Version 12.00
# Visual Studio Version 17
VisualStudioVersion = 17.10.34916.146
MinimumVisualStudioVersion = 10.0.40219.1
Project("{FAE04EC0-301F-11D3-BF4B-00C04F79EFBC}") = "2024-05-23.2", "2024-05-23.2\2024-05-23.2.csproj", "{6C60EC05-7F6B-42F1-BC06-B6175DECA370}"
EndProject
Global
	GlobalSection(SolutionConfigurationPlatforms) = preSolution
		Debug|Any CPU = Debug|Any CPU
		Release|Any CPU = Release|Any CPU
	EndGlobalSection
	GlobalSection(ProjectConfigurationPlatforms) = postSolution
		{6C60EC05-7F6B-42F1-BC06-B6175DECA370}.Debug|Any CPU.ActiveCfg = Debug|Any CPU
		{6C60EC05-7F6B-42F1-BC06-B6175DECA370}.Debug|Any CPU.Build.0 = Debug|Any CPU
		{6C60EC05-7F6B-42F1-BC06-B6175DECA370}.Release|Any CPU.ActiveCfg = Release|Any CPU
		{6C60EC05-7F6B-42F1-BC06-B6175DECA370}.Release|Any CPU.Build.0 = Release|Any CPU
	EndGlobalSection
	GlobalSection(SolutionProperties) = preSolution
		HideSolutionNode = FALSE
	EndGlobalSection
	GlobalSection(ExtensibilityGlobals) = postSolution
		SolutionGuid = {8176E5F6-3DC9-4C44-AB7B-772C5805C17B}
	EndGlobalSection
EndGlobal
